
Microsoft Visual Studio Solution File, Format Version 12.00
# Visual Studio 2013
VisualStudioVersion = 12.0.31101.0
MinimumVisualStudioVersion = 10.0.40219.1
Project("{8BC9CEB8-8B4A-11D0-8D11-00A0C91BC942}") = "LUCKYSTRING", "LUCKYSTRING\LUCKYSTRING.vcxproj", "{5DB79695-EFF2-4DCE-B153-871F45F9230C}"
EndProject
Project("{8BC9CEB8-8B4A-11D0-8D11-00A0C91BC942}") = "NumericKeypad", "NumericKeypad\NumericKeypad.vcxproj", "{7D7AFD21-2CD4-48FC-9FD6-3BB422349AFA}"
EndProject
Project("{8BC9CEB8-8B4A-11D0-8D11-00A0C91BC942}") = "Cards", "Cards\Cards.vcxproj", "{B52A8D89-61AD-44CD-BCF7-1D6D321056C8}"
EndProject
Project("{8BC9CEB8-8B4A-11D0-8D11-00A0C91BC942}") = "CellsNotUnderAttack", "CellsNotUnderAttack\CellsNotUnderAttack.vcxproj", "{8169C430-F448-4BB5-B13C-3C5D7E2CCB42}"
EndProject
Project("{8BC9CEB8-8B4A-11D0-8D11-00A0C91BC942}") = "SpringOuting", "SpringOuting\SpringOuting.vcxproj", "{02C46088-C3DE-4CCF-8376-03EB0A4739ED}"
EndProject
Project("{8BC9CEB8-8B4A-11D0-8D11-00A0C91BC942}") = "RemoveDuplicatesII", "RemoveDuplicatesII\RemoveDuplicatesII.vcxproj", "{7745633D-5743-494B-B9DD-591EEAED0CEC}"
EndProject
Project("{8BC9CEB8-8B4A-11D0-8D11-00A0C91BC942}") = "CompareHeight", "CompareHeight\CompareHeight.vcxproj", "{A634F2B2-CDE2-48BA-92BA-1238E179CC63}"
EndProject
Project("{8BC9CEB8-8B4A-11D0-8D11-00A0C91BC942}") = "FindKth", "FindKth\FindKth.vcxproj", "{5F4D0A07-43E6-49AC-82A4-A3E3FD3B0C98}"
EndProject
Project("{8BC9CEB8-8B4A-11D0-8D11-00A0C91BC942}") = "AddandSearchWord", "AddandSearchWord\AddandSearchWord.vcxproj", "{836FC601-C0EF-4025-88A9-8A3D81A290EE}"
EndProject
Project("{8BC9CEB8-8B4A-11D0-8D11-00A0C91BC942}") = "ImplementTrie", "ImplementTrie\ImplementTrie.vcxproj", "{A67F8E89-0CB7-41E1-A4F9-FEDB862A15E3}"
EndProject
Project("{8BC9CEB8-8B4A-11D0-8D11-00A0C91BC942}") = "A. Hulk", "A. Hulk\A. Hulk.vcxproj", "{456F9B90-C1A7-4BFC-ABAB-D0DBCCD9C04B}"
EndProject
Project("{8BC9CEB8-8B4A-11D0-8D11-00A0C91BC942}") = "C. Thor", "C. Thor\C. Thor.vcxproj", "{2FAA949E-ACEF-46A0-8E75-583D07F153BE}"
EndProject
Project("{8BC9CEB8-8B4A-11D0-8D11-00A0C91BC942}") = "Ransom Note", "Ransom Note\Ransom Note.vcxproj", "{A2E766DB-D7F5-4D22-BEAA-E06A745FD04C}"
EndProject
Project("{8BC9CEB8-8B4A-11D0-8D11-00A0C91BC942}") = "wordPattern", "wordPattern\wordPattern.vcxproj", "{2A8AE148-8276-4CCA-98BA-DEA33172DE11}"
EndProject
Project("{8BC9CEB8-8B4A-11D0-8D11-00A0C91BC942}") = "Kth Smallest Element in a Sorted Matrix", "Kth Smallest Element in a Sorted Matrix\Kth Smallest Element in a Sorted Matrix.vcxproj", "{ADFEB39D-1E09-428E-A2BA-2C28DBC87FF8}"
EndProject
Project("{8BC9CEB8-8B4A-11D0-8D11-00A0C91BC942}") = "youdao", "youdao\youdao.vcxproj", "{C931E059-ACF1-4FAA-9B6D-CE12D09D0D77}"
EndProject
Project("{8BC9CEB8-8B4A-11D0-8D11-00A0C91BC942}") = "youdao2", "youdao2\youdao2.vcxproj", "{04961BBE-12C9-415A-B96F-E376798A5BFC}"
EndProject
Project("{8BC9CEB8-8B4A-11D0-8D11-00A0C91BC942}") = "youdao3", "youdao3\youdao3.vcxproj", "{CFE89B3E-0BD0-48D8-AD99-5C07DE912249}"
EndProject
Project("{8BC9CEB8-8B4A-11D0-8D11-00A0C91BC942}") = "371. Sum of Two Integers Without +", "371. Sum of Two Integers Without +\371. Sum of Two Integers Without +.vcxproj", "{334904F6-65DB-4086-9A51-4AEA4257641B}"
EndProject
Project("{8BC9CEB8-8B4A-11D0-8D11-00A0C91BC942}") = "387. First Unique Character in a String", "387. First Unique Character in a String\387. First Unique Character in a String.vcxproj", "{16DAADBD-55CD-4E72-A107-C0D7071AEB32}"
EndProject
Project("{8BC9CEB8-8B4A-11D0-8D11-00A0C91BC942}") = "338. Counting Bits", "338. Counting Bits\338. Counting Bits.vcxproj", "{A3B0A36B-B449-4495-A3D1-67AE1C0B7DA8}"
EndProject
Project("{8BC9CEB8-8B4A-11D0-8D11-00A0C91BC942}") = "260. Single Number III", "260. Single Number III\260. Single Number III.vcxproj", "{1E470A60-435D-463E-8B63-266C87C5F955}"
EndProject
Project("{8BC9CEB8-8B4A-11D0-8D11-00A0C91BC942}") = "382. Linked List Random Node", "382. Linked List Random Node\382. Linked List Random Node.vcxproj", "{5449F202-B649-44A0-9D46-BD73C1FCF1D7}"
EndProject
Project("{8BC9CEB8-8B4A-11D0-8D11-00A0C91BC942}") = "300. Longest Increasing Subsequence", "300. Longest Increasing Subsequence\300. Longest Increasing Subsequence.vcxproj", "{B0A777B6-7A70-434A-8773-FBF0FDAD2297}"
EndProject
Project("{8BC9CEB8-8B4A-11D0-8D11-00A0C91BC942}") = "A. Bus to Udayland", "A. Bus to Udayland\A. Bus to Udayland.vcxproj", "{B278BEC4-49C4-4819-ABC8-4E7F0000C9D1}"
EndProject
Project("{8BC9CEB8-8B4A-11D0-8D11-00A0C91BC942}") = "B. Chris and Magic Square", "B. Chris and Magic Square\B. Chris and Magic Square.vcxproj", "{5C0EE4BC-E2D2-4097-8423-816E97DDDB49}"
EndProject
Global
	GlobalSection(SolutionConfigurationPlatforms) = preSolution
		Debug|Win32 = Debug|Win32
		Release|Win32 = Release|Win32
	EndGlobalSection
	GlobalSection(ProjectConfigurationPlatforms) = postSolution
		{5DB79695-EFF2-4DCE-B153-871F45F9230C}.Debug|Win32.ActiveCfg = Debug|Win32
		{5DB79695-EFF2-4DCE-B153-871F45F9230C}.Debug|Win32.Build.0 = Debug|Win32
		{5DB79695-EFF2-4DCE-B153-871F45F9230C}.Release|Win32.ActiveCfg = Release|Win32
		{5DB79695-EFF2-4DCE-B153-871F45F9230C}.Release|Win32.Build.0 = Release|Win32
		{7D7AFD21-2CD4-48FC-9FD6-3BB422349AFA}.Debug|Win32.ActiveCfg = Debug|Win32
		{7D7AFD21-2CD4-48FC-9FD6-3BB422349AFA}.Debug|Win32.Build.0 = Debug|Win32
		{7D7AFD21-2CD4-48FC-9FD6-3BB422349AFA}.Release|Win32.ActiveCfg = Release|Win32
		{7D7AFD21-2CD4-48FC-9FD6-3BB422349AFA}.Release|Win32.Build.0 = Release|Win32
		{B52A8D89-61AD-44CD-BCF7-1D6D321056C8}.Debug|Win32.ActiveCfg = Debug|Win32
		{B52A8D89-61AD-44CD-BCF7-1D6D321056C8}.Debug|Win32.Build.0 = Debug|Win32
		{B52A8D89-61AD-44CD-BCF7-1D6D321056C8}.Release|Win32.ActiveCfg = Release|Win32
		{B52A8D89-61AD-44CD-BCF7-1D6D321056C8}.Release|Win32.Build.0 = Release|Win32
		{8169C430-F448-4BB5-B13C-3C5D7E2CCB42}.Debug|Win32.ActiveCfg = Debug|Win32
		{8169C430-F448-4BB5-B13C-3C5D7E2CCB42}.Debug|Win32.Build.0 = Debug|Win32
		{8169C430-F448-4BB5-B13C-3C5D7E2CCB42}.Release|Win32.ActiveCfg = Release|Win32
		{8169C430-F448-4BB5-B13C-3C5D7E2CCB42}.Release|Win32.Build.0 = Release|Win32
		{02C46088-C3DE-4CCF-8376-03EB0A4739ED}.Debug|Win32.ActiveCfg = Debug|Win32
		{02C46088-C3DE-4CCF-8376-03EB0A4739ED}.Debug|Win32.Build.0 = Debug|Win32
		{02C46088-C3DE-4CCF-8376-03EB0A4739ED}.Release|Win32.ActiveCfg = Release|Win32
		{02C46088-C3DE-4CCF-8376-03EB0A4739ED}.Release|Win32.Build.0 = Release|Win32
		{7745633D-5743-494B-B9DD-591EEAED0CEC}.Debug|Win32.ActiveCfg = Debug|Win32
		{7745633D-5743-494B-B9DD-591EEAED0CEC}.Debug|Win32.Build.0 = Debug|Win32
		{7745633D-5743-494B-B9DD-591EEAED0CEC}.Release|Win32.ActiveCfg = Release|Win32
		{7745633D-5743-494B-B9DD-591EEAED0CEC}.Release|Win32.Build.0 = Release|Win32
		{A634F2B2-CDE2-48BA-92BA-1238E179CC63}.Debug|Win32.ActiveCfg = Debug|Win32
		{A634F2B2-CDE2-48BA-92BA-1238E179CC63}.Debug|Win32.Build.0 = Debug|Win32
		{A634F2B2-CDE2-48BA-92BA-1238E179CC63}.Release|Win32.ActiveCfg = Release|Win32
		{A634F2B2-CDE2-48BA-92BA-1238E179CC63}.Release|Win32.Build.0 = Release|Win32
		{5F4D0A07-43E6-49AC-82A4-A3E3FD3B0C98}.Debug|Win32.ActiveCfg = Debug|Win32
		{5F4D0A07-43E6-49AC-82A4-A3E3FD3B0C98}.Debug|Win32.Build.0 = Debug|Win32
		{5F4D0A07-43E6-49AC-82A4-A3E3FD3B0C98}.Release|Win32.ActiveCfg = Release|Win32
		{5F4D0A07-43E6-49AC-82A4-A3E3FD3B0C98}.Release|Win32.Build.0 = Release|Win32
		{836FC601-C0EF-4025-88A9-8A3D81A290EE}.Debug|Win32.ActiveCfg = Debug|Win32
		{836FC601-C0EF-4025-88A9-8A3D81A290EE}.Debug|Win32.Build.0 = Debug|Win32
		{836FC601-C0EF-4025-88A9-8A3D81A290EE}.Release|Win32.ActiveCfg = Release|Win32
		{836FC601-C0EF-4025-88A9-8A3D81A290EE}.Release|Win32.Build.0 = Release|Win32
		{A67F8E89-0CB7-41E1-A4F9-FEDB862A15E3}.Debug|Win32.ActiveCfg = Debug|Win32
		{A67F8E89-0CB7-41E1-A4F9-FEDB862A15E3}.Debug|Win32.Build.0 = Debug|Win32
		{A67F8E89-0CB7-41E1-A4F9-FEDB862A15E3}.Release|Win32.ActiveCfg = Release|Win32
		{A67F8E89-0CB7-41E1-A4F9-FEDB862A15E3}.Release|Win32.Build.0 = Release|Win32
		{456F9B90-C1A7-4BFC-ABAB-D0DBCCD9C04B}.Debug|Win32.ActiveCfg = Debug|Win32
		{456F9B90-C1A7-4BFC-ABAB-D0DBCCD9C04B}.Debug|Win32.Build.0 = Debug|Win32
		{456F9B90-C1A7-4BFC-ABAB-D0DBCCD9C04B}.Release|Win32.ActiveCfg = Release|Win32
		{456F9B90-C1A7-4BFC-ABAB-D0DBCCD9C04B}.Release|Win32.Build.0 = Release|Win32
		{2FAA949E-ACEF-46A0-8E75-583D07F153BE}.Debug|Win32.ActiveCfg = Debug|Win32
		{2FAA949E-ACEF-46A0-8E75-583D07F153BE}.Debug|Win32.Build.0 = Debug|Win32
		{2FAA949E-ACEF-46A0-8E75-583D07F153BE}.Release|Win32.ActiveCfg = Release|Win32
		{2FAA949E-ACEF-46A0-8E75-583D07F153BE}.Release|Win32.Build.0 = Release|Win32
		{A2E766DB-D7F5-4D22-BEAA-E06A745FD04C}.Debug|Win32.ActiveCfg = Debug|Win32
		{A2E766DB-D7F5-4D22-BEAA-E06A745FD04C}.Debug|Win32.Build.0 = Debug|Win32
		{A2E766DB-D7F5-4D22-BEAA-E06A745FD04C}.Release|Win32.ActiveCfg = Release|Win32
		{A2E766DB-D7F5-4D22-BEAA-E06A745FD04C}.Release|Win32.Build.0 = Release|Win32
		{2A8AE148-8276-4CCA-98BA-DEA33172DE11}.Debug|Win32.ActiveCfg = Debug|Win32
		{2A8AE148-8276-4CCA-98BA-DEA33172DE11}.Debug|Win32.Build.0 = Debug|Win32
		{2A8AE148-8276-4CCA-98BA-DEA33172DE11}.Release|Win32.ActiveCfg = Release|Win32
		{2A8AE148-8276-4CCA-98BA-DEA33172DE11}.Release|Win32.Build.0 = Release|Win32
		{ADFEB39D-1E09-428E-A2BA-2C28DBC87FF8}.Debug|Win32.ActiveCfg = Debug|Win32
		{ADFEB39D-1E09-428E-A2BA-2C28DBC87FF8}.Debug|Win32.Build.0 = Debug|Win32
		{ADFEB39D-1E09-428E-A2BA-2C28DBC87FF8}.Release|Win32.ActiveCfg = Release|Win32
		{ADFEB39D-1E09-428E-A2BA-2C28DBC87FF8}.Release|Win32.Build.0 = Release|Win32
		{C931E059-ACF1-4FAA-9B6D-CE12D09D0D77}.Debug|Win32.ActiveCfg = Debug|Win32
		{C931E059-ACF1-4FAA-9B6D-CE12D09D0D77}.Debug|Win32.Build.0 = Debug|Win32
		{C931E059-ACF1-4FAA-9B6D-CE12D09D0D77}.Release|Win32.ActiveCfg = Release|Win32
		{C931E059-ACF1-4FAA-9B6D-CE12D09D0D77}.Release|Win32.Build.0 = Release|Win32
		{04961BBE-12C9-415A-B96F-E376798A5BFC}.Debug|Win32.ActiveCfg = Debug|Win32
		{04961BBE-12C9-415A-B96F-E376798A5BFC}.Debug|Win32.Build.0 = Debug|Win32
		{04961BBE-12C9-415A-B96F-E376798A5BFC}.Release|Win32.ActiveCfg = Release|Win32
		{04961BBE-12C9-415A-B96F-E376798A5BFC}.Release|Win32.Build.0 = Release|Win32
		{CFE89B3E-0BD0-48D8-AD99-5C07DE912249}.Debug|Win32.ActiveCfg = Debug|Win32
		{CFE89B3E-0BD0-48D8-AD99-5C07DE912249}.Debug|Win32.Build.0 = Debug|Win32
		{CFE89B3E-0BD0-48D8-AD99-5C07DE912249}.Release|Win32.ActiveCfg = Release|Win32
		{CFE89B3E-0BD0-48D8-AD99-5C07DE912249}.Release|Win32.Build.0 = Release|Win32
		{334904F6-65DB-4086-9A51-4AEA4257641B}.Debug|Win32.ActiveCfg = Debug|Win32
		{334904F6-65DB-4086-9A51-4AEA4257641B}.Debug|Win32.Build.0 = Debug|Win32
		{334904F6-65DB-4086-9A51-4AEA4257641B}.Release|Win32.ActiveCfg = Release|Win32
		{334904F6-65DB-4086-9A51-4AEA4257641B}.Release|Win32.Build.0 = Release|Win32
		{16DAADBD-55CD-4E72-A107-C0D7071AEB32}.Debug|Win32.ActiveCfg = Debug|Win32
		{16DAADBD-55CD-4E72-A107-C0D7071AEB32}.Debug|Win32.Build.0 = Debug|Win32
		{16DAADBD-55CD-4E72-A107-C0D7071AEB32}.Release|Win32.ActiveCfg = Release|Win32
		{16DAADBD-55CD-4E72-A107-C0D7071AEB32}.Release|Win32.Build.0 = Release|Win32
		{A3B0A36B-B449-4495-A3D1-67AE1C0B7DA8}.Debug|Win32.ActiveCfg = Debug|Win32
		{A3B0A36B-B449-4495-A3D1-67AE1C0B7DA8}.Debug|Win32.Build.0 = Debug|Win32
		{A3B0A36B-B449-4495-A3D1-67AE1C0B7DA8}.Release|Win32.ActiveCfg = Release|Win32
		{A3B0A36B-B449-4495-A3D1-67AE1C0B7DA8}.Release|Win32.Build.0 = Release|Win32
		{1E470A60-435D-463E-8B63-266C87C5F955}.Debug|Win32.ActiveCfg = Debug|Win32
		{1E470A60-435D-463E-8B63-266C87C5F955}.Debug|Win32.Build.0 = Debug|Win32
		{1E470A60-435D-463E-8B63-266C87C5F955}.Release|Win32.ActiveCfg = Release|Win32
		{1E470A60-435D-463E-8B63-266C87C5F955}.Release|Win32.Build.0 = Release|Win32
		{5449F202-B649-44A0-9D46-BD73C1FCF1D7}.Debug|Win32.ActiveCfg = Debug|Win32
		{5449F202-B649-44A0-9D46-BD73C1FCF1D7}.Debug|Win32.Build.0 = Debug|Win32
		{5449F202-B649-44A0-9D46-BD73C1FCF1D7}.Release|Win32.ActiveCfg = Release|Win32
		{5449F202-B649-44A0-9D46-BD73C1FCF1D7}.Release|Win32.Build.0 = Release|Win32
		{B0A777B6-7A70-434A-8773-FBF0FDAD2297}.Debug|Win32.ActiveCfg = Debug|Win32
		{B0A777B6-7A70-434A-8773-FBF0FDAD2297}.Debug|Win32.Build.0 = Debug|Win32
		{B0A777B6-7A70-434A-8773-FBF0FDAD2297}.Release|Win32.ActiveCfg = Release|Win32
		{B0A777B6-7A70-434A-8773-FBF0FDAD2297}.Release|Win32.Build.0 = Release|Win32
		{B278BEC4-49C4-4819-ABC8-4E7F0000C9D1}.Debug|Win32.ActiveCfg = Debug|Win32
		{B278BEC4-49C4-4819-ABC8-4E7F0000C9D1}.Debug|Win32.Build.0 = Debug|Win32
		{B278BEC4-49C4-4819-ABC8-4E7F0000C9D1}.Release|Win32.ActiveCfg = Release|Win32
		{B278BEC4-49C4-4819-ABC8-4E7F0000C9D1}.Release|Win32.Build.0 = Release|Win32
		{5C0EE4BC-E2D2-4097-8423-816E97DDDB49}.Debug|Win32.ActiveCfg = Debug|Win32
		{5C0EE4BC-E2D2-4097-8423-816E97DDDB49}.Debug|Win32.Build.0 = Debug|Win32
		{5C0EE4BC-E2D2-4097-8423-816E97DDDB49}.Release|Win32.ActiveCfg = Release|Win32
		{5C0EE4BC-E2D2-4097-8423-816E97DDDB49}.Release|Win32.Build.0 = Release|Win32
	EndGlobalSection
	GlobalSection(SolutionProperties) = preSolution
		HideSolutionNode = FALSE
	EndGlobalSection
EndGlobal
